
Microsoft Visual Studio Solution File, Format Version 12.00
# Visual Studio Version 17
VisualStudioVersion = 17.11.35312.102
MinimumVisualStudioVersion = 10.0.40219.1
Project("{FAE04EC0-301F-11D3-BF4B-00C04F79EFBC}") = "BookTest", "BookTest\BookTest.csproj", "{57E57B25-E240-45A7-8309-6E3B1E93E294}"
EndProject
Global
	GlobalSection(SolutionConfigurationPlatforms) = preSolution
		Debug|Any CPU = Debug|Any CPU
		Release|Any CPU = Release|Any CPU
	EndGlobalSection
	GlobalSection(ProjectConfigurationPlatforms) = postSolution
		{57E57B25-E240-45A7-8309-6E3B1E93E294}.Debug|Any CPU.ActiveCfg = Debug|Any CPU
		{57E57B25-E240-45A7-8309-6E3B1E93E294}.Debug|Any CPU.Build.0 = Debug|Any CPU
		{57E57B25-E240-45A7-8309-6E3B1E93E294}.Release|Any CPU.ActiveCfg = Release|Any CPU
		{57E57B25-E240-45A7-8309-6E3B1E93E294}.Release|Any CPU.Build.0 = Release|Any CPU
	EndGlobalSection
	GlobalSection(SolutionProperties) = preSolution
		HideSolutionNode = FALSE
	EndGlobalSection
	GlobalSection(ExtensibilityGlobals) = postSolution
		SolutionGuid = {2E7A6DA4-D9E3-4FA0-A229-846E27804B41}
	EndGlobalSection
EndGlobal
